// !$*UTF8*$!
{
	archiveVersion = 1;
	classes = {
	};
	objectVersion = 46;
	objects = {

/* Begin PBXBuildFile section */
		9D6412321CC6F1D00080CE32 /* main.swift in Sources */ = {isa = PBXBuildFile; fileRef = 9D6412311CC6F1D00080CE32 /* main.swift */; };
		9D64123F1CC6F1DF0080CE32 /* UnitTests.swift in Sources */ = {isa = PBXBuildFile; fileRef = 9D64123E1CC6F1DF0080CE32 /* UnitTests.swift */; };
		9D6412441CC6F1E50080CE32 /* main.swift in Sources */ = {isa = PBXBuildFile; fileRef = 9D6412311CC6F1D00080CE32 /* main.swift */; };
/* End PBXBuildFile section */

/* Begin PBXCopyFilesBuildPhase section */
		9D64122C1CC6F1D00080CE32 /* CopyFiles */ = {
			isa = PBXCopyFilesBuildPhase;
			buildActionMask = 2147483647;
			dstPath = /usr/share/man/man1/;
			dstSubfolderSpec = 0;
			files = (
			);
			runOnlyForDeploymentPostprocessing = 1;
		};
/* End PBXCopyFilesBuildPhase section */

/* Begin PBXFileReference section */
		9D64122E1CC6F1D00080CE32 /* DomainModelingV2 */ = {isa = PBXFileReference; explicitFileType = "compiled.mach-o.executable"; includeInIndex = 0; path = DomainModelingV2; sourceTree = BUILT_PRODUCTS_DIR; };
		9D6412311CC6F1D00080CE32 /* main.swift */ = {isa = PBXFileReference; lastKnownFileType = sourcecode.swift; path = main.swift; sourceTree = "<group>"; };
		9D64123C1CC6F1DF0080CE32 /* UnitTests.xctest */ = {isa = PBXFileReference; explicitFileType = wrapper.cfbundle; includeInIndex = 0; path = UnitTests.xctest; sourceTree = BUILT_PRODUCTS_DIR; };
		9D64123E1CC6F1DF0080CE32 /* UnitTests.swift */ = {isa = PBXFileReference; lastKnownFileType = sourcecode.swift; path = UnitTests.swift; sourceTree = "<group>"; };
		9D6412401CC6F1DF0080CE32 /* Info.plist */ = {isa = PBXFileReference; lastKnownFileType = text.plist.xml; path = Info.plist; sourceTree = "<group>"; };
/* End PBXFileReference section */

/* Begin PBXFrameworksBuildPhase section */
		9D64122B1CC6F1D00080CE32 /* Frameworks */ = {
			isa = PBXFrameworksBuildPhase;
			buildActionMask = 2147483647;
			files = (
			);
			runOnlyForDeploymentPostprocessing = 0;
		};
		9D6412391CC6F1DF0080CE32 /* Frameworks */ = {
			isa = PBXFrameworksBuildPhase;
			buildActionMask = 2147483647;
			files = (
			);
			runOnlyForDeploymentPostprocessing = 0;
		};
/* End PBXFrameworksBuildPhase section */

/* Begin PBXGroup section */
		9D6412251CC6F1D00080CE32 = {
			isa = PBXGroup;
			children = (
				9D6412301CC6F1D00080CE32 /* DomainModelingV2 */,
				9D64123D1CC6F1DF0080CE32 /* UnitTests */,
				9D64122F1CC6F1D00080CE32 /* Products */,
			);
			sourceTree = "<group>";
		};
		9D64122F1CC6F1D00080CE32 /* Products */ = {
			isa = PBXGroup;
			children = (
				9D64122E1CC6F1D00080CE32 /* DomainModelingV2 */,
				9D64123C1CC6F1DF0080CE32 /* UnitTests.xctest */,
			);
			name = Products;
			sourceTree = "<group>";
		};
		9D6412301CC6F1D00080CE32 /* DomainModelingV2 */ = {
			isa = PBXGroup;
			children = (
				9D6412311CC6F1D00080CE32 /* main.swift */,
			);
			path = DomainModelingV2;
			sourceTree = "<group>";
		};
		9D64123D1CC6F1DF0080CE32 /* UnitTests */ = {
			isa = PBXGroup;
			children = (
				9D64123E1CC6F1DF0080CE32 /* UnitTests.swift */,
				9D6412401CC6F1DF0080CE32 /* Info.plist */,
			);
			path = UnitTests;
			sourceTree = "<group>";
		};
/* End PBXGroup section */

/* Begin PBXNativeTarget section */
		9D64122D1CC6F1D00080CE32 /* DomainModelingV2 */ = {
			isa = PBXNativeTarget;
			buildConfigurationList = 9D6412351CC6F1D00080CE32 /* Build configuration list for PBXNativeTarget "DomainModelingV2" */;
			buildPhases = (
				9D64122A1CC6F1D00080CE32 /* Sources */,
				9D64122B1CC6F1D00080CE32 /* Frameworks */,
				9D64122C1CC6F1D00080CE32 /* CopyFiles */,
			);
			buildRules = (
			);
			dependencies = (
			);
			name = DomainModelingV2;
			productName = DomainModelingV2;
			productReference = 9D64122E1CC6F1D00080CE32 /* DomainModelingV2 */;
			productType = "com.apple.product-type.tool";
		};
		9D64123B1CC6F1DF0080CE32 /* UnitTests */ = {
			isa = PBXNativeTarget;
			buildConfigurationList = 9D6412411CC6F1DF0080CE32 /* Build configuration list for PBXNativeTarget "UnitTests" */;
			buildPhases = (
				9D6412381CC6F1DF0080CE32 /* Sources */,
				9D6412391CC6F1DF0080CE32 /* Frameworks */,
				9D64123A1CC6F1DF0080CE32 /* Resources */,
			);
			buildRules = (
			);
			dependencies = (
			);
			name = UnitTests;
			productName = UnitTests;
			productReference = 9D64123C1CC6F1DF0080CE32 /* UnitTests.xctest */;
			productType = "com.apple.product-type.bundle.unit-test";
		};
/* End PBXNativeTarget section */

/* Begin PBXProject section */
		9D6412261CC6F1D00080CE32 /* Project object */ = {
			isa = PBXProject;
			attributes = {
				LastSwiftUpdateCheck = 0730;
				LastUpgradeCheck = 0730;
				ORGANIZATIONNAME = Tanner;
				TargetAttributes = {
					9D64122D1CC6F1D00080CE32 = {
						CreatedOnToolsVersion = 7.3;
					};
					9D64123B1CC6F1DF0080CE32 = {
						CreatedOnToolsVersion = 7.3;
					};
				};
			};
			buildConfigurationList = 9D6412291CC6F1D00080CE32 /* Build configuration list for PBXProject "DomainModelingV2" */;
			compatibilityVersion = "Xcode 3.2";
			developmentRegion = English;
			hasScannedForEncodings = 0;
			knownRegions = (
				en,
			);
			mainGroup = 9D6412251CC6F1D00080CE32;
			productRefGroup = 9D64122F1CC6F1D00080CE32 /* Products */;
			projectDirPath = "";
			projectRoot = "";
			targets = (
				9D64122D1CC6F1D00080CE32 /* DomainModelingV2 */,
				9D64123B1CC6F1DF0080CE32 /* UnitTests */,
			);
		};
/* End PBXProject section */

/* Begin PBXResourcesBuildPhase section */
		9D64123A1CC6F1DF0080CE32 /* Resources */ = {
			isa = PBXResourcesBuildPhase;
			buildActionMask = 2147483647;
			files = (
			);
			runOnlyForDeploymentPostprocessing = 0;
		};
/* End PBXResourcesBuildPhase section */

/* Begin PBXSourcesBuildPhase section */
		9D64122A1CC6F1D00080CE32 /* Sources */ = {
			isa = PBXSourcesBuildPhase;
			buildActionMask = 2147483647;
			files = (
				9D6412321CC6F1D00080CE32 /* main.swift in Sources */,
			);
			runOnlyForDeploymentPostprocessing = 0;
		};
		9D6412381CC6F1DF0080CE32 /* Sources */ = {
			isa = PBXSourcesBuildPhase;
			buildActionMask = 2147483647;
			files = (
				9D6412441CC6F1E50080CE32 /* main.swift in Sources */,
				9D64123F1CC6F1DF0080CE32 /* UnitTests.swift in Sources */,
			);
			runOnlyForDeploymentPostprocessing = 0;
		};
/* End PBXSourcesBuildPhase section */

/* Begin XCBuildConfiguration section */
		9D6412331CC6F1D00080CE32 /* Debug */ = {
			isa = XCBuildConfiguration;
			buildSettings = {
				ALWAYS_SEARCH_USER_PATHS = NO;
				CLANG_ANALYZER_NONNULL = YES;
				CLANG_CXX_LANGUAGE_STANDARD = "gnu++0x";
				CLANG_CXX_LIBRARY = "libc++";
				CLANG_ENABLE_MODULES = YES;
				CLANG_ENABLE_OBJC_ARC = YES;
				CLANG_WARN_BOOL_CONVERSION = YES;
				CLANG_WARN_CONSTANT_CONVERSION = YES;
				CLANG_WARN_DIRECT_OBJC_ISA_USAGE = YES_ERROR;
				CLANG_WARN_EMPTY_BODY = YES;
				CLANG_WARN_ENUM_CONVERSION = YES;
				CLANG_WARN_INT_CONVERSION = YES;
				CLANG_WARN_OBJC_ROOT_CLASS = YES_ERROR;
				CLANG_WARN_UNREACHABLE_CODE = YES;
				CLANG_WARN__DUPLICATE_METHOD_MATCH = YES;
				CODE_SIGN_IDENTITY = "-";
				COPY_PHASE_STRIP = NO;
				DEBUG_INFORMATION_FORMAT = dwarf;
				ENABLE_STRICT_OBJC_MSGSEND = YES;
				ENABLE_TESTABILITY = YES;
				GCC_C_LANGUAGE_STANDARD = gnu99;
				GCC_DYNAMIC_NO_PIC = NO;
				GCC_NO_COMMON_BLOCKS = YES;
				GCC_OPTIMIZATION_LEVEL = 0;
				GCC_PREPROCESSOR_DEFINITIONS = (
					"DEBUG=1",
					"$(inherited)",
				);
				GCC_WARN_64_TO_32_BIT_CONVERSION = YES;
				GCC_WARN_ABOUT_RETURN_TYPE = YES_ERROR;
				GCC_WARN_UNDECLARED_SELECTOR = YES;
				GCC_WARN_UNINITIALIZED_AUTOS = YES_AGGRESSIVE;
				GCC_WARN_UNUSED_FUNCTION = YES;
				GCC_WARN_UNUSED_VARIABLE = YES;
				MACOSX_DEPLOYMENT_TARGET = 10.11;
				MTL_ENABLE_DEBUG_INFO = YES;
				ONLY_ACTIVE_ARCH = YES;
				SDKROOT = macosx;
				SWIFT_OPTIMIZATION_LEVEL = "-Onone";
			};
			name = Debug;
		};
		9D6412341CC6F1D00080CE32 /* Release */ = {
			isa = XCBuildConfiguration;
			buildSettings = {
				ALWAYS_SEARCH_USER_PATHS = NO;
				CLANG_ANALYZER_NONNULL = YES;
				CLANG_CXX_LANGUAGE_STANDARD = "gnu++0x";
				CLANG_CXX_LIBRARY = "libc++";
				CLANG_ENABLE_MODULES = YES;
				CLANG_ENABLE_OBJC_ARC = YES;
				CLANG_WARN_BOOL_CONVERSION = YES;
				CLANG_WARN_CONSTANT_CONVERSION = YES;
				CLANG_WARN_DIRECT_OBJC_ISA_USAGE = YES_ERROR;
				CLANG_WARN_EMPTY_BODY = YES;
				CLANG_WARN_ENUM_CONVERSION = YES;
				CLANG_WARN_INT_CONVERSION = YES;
				CLANG_WARN_OBJC_ROOT_CLASS = YES_ERROR;
				CLANG_WARN_UNREACHABLE_CODE = YES;
				CLANG_WARN__DUPLICATE_METHOD_MATCH = YES;
				CODE_SIGN_IDENTITY = "-";
				COPY_PHASE_STRIP = NO;
				DEBUG_INFORMATION_FORMAT = "dwarf-with-dsym";
				ENABLE_NS_ASSERTIONS = NO;
				ENABLE_STRICT_OBJC_MSGSEND = YES;
				GCC_C_LANGUAGE_STANDARD = gnu99;
				GCC_NO_COMMON_BLOCKS = YES;
				GCC_WARN_64_TO_32_BIT_CONVERSION = YES;
				GCC_WARN_ABOUT_RETURN_TYPE = YES_ERROR;
				GCC_WARN_UNDECLARED_SELECTOR = YES;
				GCC_WARN_UNINITIALIZED_AUTOS = YES_AGGRESSIVE;
				GCC_WARN_UNUSED_FUNCTION = YES;
				GCC_WARN_UNUSED_VARIABLE = YES;
				MACOSX_DEPLOYMENT_TARGET = 10.11;
				MTL_ENABLE_DEBUG_INFO = NO;
				SDKROOT = macosx;
			};
			name = Release;
		};
		9D6412361CC6F1D00080CE32 /* Debug */ = {
			isa = XCBuildConfiguration;
			buildSettings = {
				PRODUCT_NAME = "$(TARGET_NAME)";
			};
			name = Debug;
		};
		9D6412371CC6F1D00080CE32 /* Release */ = {
			isa = XCBuildConfiguration;
			buildSettings = {
				PRODUCT_NAME = "$(TARGET_NAME)";
			};
			name = Release;
		};
		9D6412421CC6F1DF0080CE32 /* Debug */ = {
			isa = XCBuildConfiguration;
			buildSettings = {
				COMBINE_HIDPI_IMAGES = YES;
				INFOPLIST_FILE = UnitTests/Info.plist;
				LD_RUNPATH_SEARCH_PATHS = "$(inherited) @executable_path/../Frameworks @loader_path/../Frameworks";
				PRODUCT_BUNDLE_IDENTIFIER = Tanner.UnitTests;
				PRODUCT_NAME = "$(TARGET_NAME)";
			};
			name = Debug;
		};
		9D6412431CC6F1DF0080CE32 /* Release */ = {
			isa = XCBuildConfiguration;
			buildSettings = {
				COMBINE_HIDPI_IMAGES = YES;
				INFOPLIST_FILE = UnitTests/Info.plist;
				LD_RUNPATH_SEARCH_PATHS = "$(inherited) @executable_path/../Frameworks @loader_path/../Frameworks";
				PRODUCT_BUNDLE_IDENTIFIER = Tanner.UnitTests;
				PRODUCT_NAME = "$(TARGET_NAME)";
			};
			name = Release;
		};
/* End XCBuildConfiguration section */

/* Begin XCConfigurationList section */
		9D6412291CC6F1D00080CE32 /* Build configuration list for PBXProject "DomainModelingV2" */ = {
			isa = XCConfigurationList;
			buildConfigurations = (
				9D6412331CC6F1D00080CE32 /* Debug */,
				9D6412341CC6F1D00080CE32 /* Release */,
			);
			defaultConfigurationIsVisible = 0;
			defaultConfigurationName = Release;
		};
		9D6412351CC6F1D00080CE32 /* Build configuration list for PBXNativeTarget "DomainModelingV2" */ = {
			isa = XCConfigurationList;
			buildConfigurations = (
				9D6412361CC6F1D00080CE32 /* Debug */,
				9D6412371CC6F1D00080CE32 /* Release */,
			);
			defaultConfigurationIsVisible = 0;
		};
		9D6412411CC6F1DF0080CE32 /* Build configuration list for PBXNativeTarget "UnitTests" */ = {
			isa = XCConfigurationList;
			buildConfigurations = (
				9D6412421CC6F1DF0080CE32 /* Debug */,
				9D6412431CC6F1DF0080CE32 /* Release */,
			);
			defaultConfigurationIsVisible = 0;
		};
/* End XCConfigurationList section */
	};
	rootObject = 9D6412261CC6F1D00080CE32 /* Project object */;
}
